// !$*UTF8*$!
{
	archiveVersion = 1;
	classes = {
	};
	objectVersion = 46;
	objects = {

/* Begin PBXBuildFile section */
		189DA8071DDDB489009093D0 /* AppDelegate.swift in Sources */ = {isa = PBXBuildFile; fileRef = 189DA8061DDDB489009093D0 /* AppDelegate.swift */; };
		189DA8091DDDB489009093D0 /* ViewController.swift in Sources */ = {isa = PBXBuildFile; fileRef = 189DA8081DDDB489009093D0 /* ViewController.swift */; };
		189DA80C1DDDB489009093D0 /* Main.storyboard in Resources */ = {isa = PBXBuildFile; fileRef = 189DA80A1DDDB489009093D0 /* Main.storyboard */; };
		189DA80E1DDDB489009093D0 /* Assets.xcassets in Resources */ = {isa = PBXBuildFile; fileRef = 189DA80D1DDDB489009093D0 /* Assets.xcassets */; };
		189DA8111DDDB489009093D0 /* LaunchScreen.storyboard in Resources */ = {isa = PBXBuildFile; fileRef = 189DA80F1DDDB489009093D0 /* LaunchScreen.storyboard */; };
		189DA81C1DDDB48A009093D0 /* browserTests.swift in Sources */ = {isa = PBXBuildFile; fileRef = 189DA81B1DDDB48A009093D0 /* browserTests.swift */; };
		189DA8271DDDB48A009093D0 /* browserUITests.swift in Sources */ = {isa = PBXBuildFile; fileRef = 189DA8261DDDB48A009093D0 /* browserUITests.swift */; };
		18C78F0F1DDF00A300DD49AE /* ButtonImage.swift in Sources */ = {isa = PBXBuildFile; fileRef = 18C78F0E1DDF00A300DD49AE /* ButtonImage.swift */; };
		18E016B81DE2D5080093C16E /* Config.swift in Sources */ = {isa = PBXBuildFile; fileRef = 18E016B71DE2D5080093C16E /* Config.swift */; };
/* End PBXBuildFile section */

/* Begin PBXContainerItemProxy section */
		189DA8181DDDB48A009093D0 /* PBXContainerItemProxy */ = {
			isa = PBXContainerItemProxy;
			containerPortal = 189DA7FB1DDDB489009093D0 /* Project object */;
			proxyType = 1;
			remoteGlobalIDString = 189DA8021DDDB489009093D0;
			remoteInfo = browser;
		};
		189DA8231DDDB48A009093D0 /* PBXContainerItemProxy */ = {
			isa = PBXContainerItemProxy;
			containerPortal = 189DA7FB1DDDB489009093D0 /* Project object */;
			proxyType = 1;
			remoteGlobalIDString = 189DA8021DDDB489009093D0;
			remoteInfo = browser;
		};
/* End PBXContainerItemProxy section */

/* Begin PBXFileReference section */
		189DA8031DDDB489009093D0 /* browser.app */ = {isa = PBXFileReference; explicitFileType = wrapper.application; includeInIndex = 0; path = browser.app; sourceTree = BUILT_PRODUCTS_DIR; };
		189DA8061DDDB489009093D0 /* AppDelegate.swift */ = {isa = PBXFileReference; lastKnownFileType = sourcecode.swift; path = AppDelegate.swift; sourceTree = "<group>"; };
		189DA8081DDDB489009093D0 /* ViewController.swift */ = {isa = PBXFileReference; lastKnownFileType = sourcecode.swift; path = ViewController.swift; sourceTree = "<group>"; };
		189DA80B1DDDB489009093D0 /* Base */ = {isa = PBXFileReference; lastKnownFileType = file.storyboard; name = Base; path = Base.lproj/Main.storyboard; sourceTree = "<group>"; };
		189DA80D1DDDB489009093D0 /* Assets.xcassets */ = {isa = PBXFileReference; lastKnownFileType = folder.assetcatalog; path = Assets.xcassets; sourceTree = "<group>"; };
		189DA8101DDDB489009093D0 /* Base */ = {isa = PBXFileReference; lastKnownFileType = file.storyboard; name = Base; path = Base.lproj/LaunchScreen.storyboard; sourceTree = "<group>"; };
		189DA8121DDDB489009093D0 /* Info.plist */ = {isa = PBXFileReference; lastKnownFileType = text.plist.xml; path = Info.plist; sourceTree = "<group>"; };
		189DA8171DDDB48A009093D0 /* browserTests.xctest */ = {isa = PBXFileReference; explicitFileType = wrapper.cfbundle; includeInIndex = 0; path = browserTests.xctest; sourceTree = BUILT_PRODUCTS_DIR; };
		189DA81B1DDDB48A009093D0 /* browserTests.swift */ = {isa = PBXFileReference; lastKnownFileType = sourcecode.swift; path = browserTests.swift; sourceTree = "<group>"; };
		189DA81D1DDDB48A009093D0 /* Info.plist */ = {isa = PBXFileReference; lastKnownFileType = text.plist.xml; path = Info.plist; sourceTree = "<group>"; };
		189DA8221DDDB48A009093D0 /* browserUITests.xctest */ = {isa = PBXFileReference; explicitFileType = wrapper.cfbundle; includeInIndex = 0; path = browserUITests.xctest; sourceTree = BUILT_PRODUCTS_DIR; };
		189DA8261DDDB48A009093D0 /* browserUITests.swift */ = {isa = PBXFileReference; lastKnownFileType = sourcecode.swift; path = browserUITests.swift; sourceTree = "<group>"; };
		189DA8281DDDB48A009093D0 /* Info.plist */ = {isa = PBXFileReference; lastKnownFileType = text.plist.xml; path = Info.plist; sourceTree = "<group>"; };
		18C78F0E1DDF00A300DD49AE /* ButtonImage.swift */ = {isa = PBXFileReference; fileEncoding = 4; lastKnownFileType = sourcecode.swift; path = ButtonImage.swift; sourceTree = "<group>"; };
		18E016B71DE2D5080093C16E /* Config.swift */ = {isa = PBXFileReference; fileEncoding = 4; lastKnownFileType = sourcecode.swift; path = Config.swift; sourceTree = "<group>"; };
/* End PBXFileReference section */

/* Begin PBXFrameworksBuildPhase section */
		189DA8001DDDB489009093D0 /* Frameworks */ = {
			isa = PBXFrameworksBuildPhase;
			buildActionMask = 2147483647;
			files = (
			);
			runOnlyForDeploymentPostprocessing = 0;
		};
		189DA8141DDDB48A009093D0 /* Frameworks */ = {
			isa = PBXFrameworksBuildPhase;
			buildActionMask = 2147483647;
			files = (
			);
			runOnlyForDeploymentPostprocessing = 0;
		};
		189DA81F1DDDB48A009093D0 /* Frameworks */ = {
			isa = PBXFrameworksBuildPhase;
			buildActionMask = 2147483647;
			files = (
			);
			runOnlyForDeploymentPostprocessing = 0;
		};
/* End PBXFrameworksBuildPhase section */

/* Begin PBXGroup section */
		189DA7FA1DDDB489009093D0 = {
			isa = PBXGroup;
			children = (
				189DA8051DDDB489009093D0 /* browser */,
				189DA81A1DDDB48A009093D0 /* browserTests */,
				189DA8251DDDB48A009093D0 /* browserUITests */,
				189DA8041DDDB489009093D0 /* Products */,
			);
			sourceTree = "<group>";
		};
		189DA8041DDDB489009093D0 /* Products */ = {
			isa = PBXGroup;
			children = (
				189DA8031DDDB489009093D0 /* browser.app */,
				189DA8171DDDB48A009093D0 /* browserTests.xctest */,
				189DA8221DDDB48A009093D0 /* browserUITests.xctest */,
			);
			name = Products;
			sourceTree = "<group>";
		};
		189DA8051DDDB489009093D0 /* browser */ = {
			isa = PBXGroup;
			children = (
				18E016B61DE2D4FC0093C16E /* Config */,
				189DA8061DDDB489009093D0 /* AppDelegate.swift */,
				189DA8081DDDB489009093D0 /* ViewController.swift */,
				18C78F0E1DDF00A300DD49AE /* ButtonImage.swift */,
				189DA80A1DDDB489009093D0 /* Main.storyboard */,
				189DA80D1DDDB489009093D0 /* Assets.xcassets */,
				189DA80F1DDDB489009093D0 /* LaunchScreen.storyboard */,
				189DA8121DDDB489009093D0 /* Info.plist */,
			);
			path = browser;
			sourceTree = "<group>";
		};
		189DA81A1DDDB48A009093D0 /* browserTests */ = {
			isa = PBXGroup;
			children = (
				189DA81B1DDDB48A009093D0 /* browserTests.swift */,
				189DA81D1DDDB48A009093D0 /* Info.plist */,
			);
			path = browserTests;
			sourceTree = "<group>";
		};
		189DA8251DDDB48A009093D0 /* browserUITests */ = {
			isa = PBXGroup;
			children = (
				189DA8261DDDB48A009093D0 /* browserUITests.swift */,
				189DA8281DDDB48A009093D0 /* Info.plist */,
			);
			path = browserUITests;
			sourceTree = "<group>";
		};
		18E016B61DE2D4FC0093C16E /* Config */ = {
			isa = PBXGroup;
			children = (
				18E016B71DE2D5080093C16E /* Config.swift */,
			);
			name = Config;
			sourceTree = "<group>";
		};
/* End PBXGroup section */

/* Begin PBXNativeTarget section */
		189DA8021DDDB489009093D0 /* browser */ = {
			isa = PBXNativeTarget;
			buildConfigurationList = 189DA82B1DDDB48A009093D0 /* Build configuration list for PBXNativeTarget "browser" */;
			buildPhases = (
				189DA7FF1DDDB489009093D0 /* Sources */,
				189DA8001DDDB489009093D0 /* Frameworks */,
				189DA8011DDDB489009093D0 /* Resources */,
			);
			buildRules = (
			);
			dependencies = (
			);
			name = browser;
			productName = browser;
			productReference = 189DA8031DDDB489009093D0 /* browser.app */;
			productType = "com.apple.product-type.application";
		};
		189DA8161DDDB48A009093D0 /* browserTests */ = {
			isa = PBXNativeTarget;
			buildConfigurationList = 189DA82E1DDDB48A009093D0 /* Build configuration list for PBXNativeTarget "browserTests" */;
			buildPhases = (
				189DA8131DDDB48A009093D0 /* Sources */,
				189DA8141DDDB48A009093D0 /* Frameworks */,
				189DA8151DDDB48A009093D0 /* Resources */,
			);
			buildRules = (
			);
			dependencies = (
				189DA8191DDDB48A009093D0 /* PBXTargetDependency */,
			);
			name = browserTests;
			productName = browserTests;
			productReference = 189DA8171DDDB48A009093D0 /* browserTests.xctest */;
			productType = "com.apple.product-type.bundle.unit-test";
		};
		189DA8211DDDB48A009093D0 /* browserUITests */ = {
			isa = PBXNativeTarget;
			buildConfigurationList = 189DA8311DDDB48A009093D0 /* Build configuration list for PBXNativeTarget "browserUITests" */;
			buildPhases = (
				189DA81E1DDDB48A009093D0 /* Sources */,
				189DA81F1DDDB48A009093D0 /* Frameworks */,
				189DA8201DDDB48A009093D0 /* Resources */,
			);
			buildRules = (
			);
			dependencies = (
				189DA8241DDDB48A009093D0 /* PBXTargetDependency */,
			);
			name = browserUITests;
			productName = browserUITests;
			productReference = 189DA8221DDDB48A009093D0 /* browserUITests.xctest */;
			productType = "com.apple.product-type.bundle.ui-testing";
		};
/* End PBXNativeTarget section */

/* Begin PBXProject section */
		189DA7FB1DDDB489009093D0 /* Project object */ = {
			isa = PBXProject;
			attributes = {
				LastSwiftUpdateCheck = 0810;
				LastUpgradeCheck = 0810;
				ORGANIZATIONNAME = Apple;
				TargetAttributes = {
					189DA8021DDDB489009093D0 = {
						CreatedOnToolsVersion = 8.1;
						ProvisioningStyle = Automatic;
					};
					189DA8161DDDB48A009093D0 = {
						CreatedOnToolsVersion = 8.1;
						ProvisioningStyle = Automatic;
						TestTargetID = 189DA8021DDDB489009093D0;
					};
					189DA8211DDDB48A009093D0 = {
						CreatedOnToolsVersion = 8.1;
						ProvisioningStyle = Automatic;
						TestTargetID = 189DA8021DDDB489009093D0;
					};
				};
			};
			buildConfigurationList = 189DA7FE1DDDB489009093D0 /* Build configuration list for PBXProject "browser" */;
			compatibilityVersion = "Xcode 3.2";
			developmentRegion = English;
			hasScannedForEncodings = 0;
			knownRegions = (
				en,
				Base,
			);
			mainGroup = 189DA7FA1DDDB489009093D0;
			productRefGroup = 189DA8041DDDB489009093D0 /* Products */;
			projectDirPath = "";
			projectRoot = "";
			targets = (
				189DA8021DDDB489009093D0 /* browser */,
				189DA8161DDDB48A009093D0 /* browserTests */,
				189DA8211DDDB48A009093D0 /* browserUITests */,
			);
		};
/* End PBXProject section */

/* Begin PBXResourcesBuildPhase section */
		189DA8011DDDB489009093D0 /* Resources */ = {
			isa = PBXResourcesBuildPhase;
			buildActionMask = 2147483647;
			files = (
				189DA8111DDDB489009093D0 /* LaunchScreen.storyboard in Resources */,
				189DA80E1DDDB489009093D0 /* Assets.xcassets in Resources */,
				189DA80C1DDDB489009093D0 /* Main.storyboard in Resources */,
			);
			runOnlyForDeploymentPostprocessing = 0;
		};
		189DA8151DDDB48A009093D0 /* Resources */ = {
			isa = PBXResourcesBuildPhase;
			buildActionMask = 2147483647;
			files = (
			);
			runOnlyForDeploymentPostprocessing = 0;
		};
		189DA8201DDDB48A009093D0 /* Resources */ = {
			isa = PBXResourcesBuildPhase;
			buildActionMask = 2147483647;
			files = (
			);
			runOnlyForDeploymentPostprocessing = 0;
		};
/* End PBXResourcesBuildPhase section */

/* Begin PBXSourcesBuildPhase section */
		189DA7FF1DDDB489009093D0 /* Sources */ = {
			isa = PBXSourcesBuildPhase;
			buildActionMask = 2147483647;
			files = (
				189DA8091DDDB489009093D0 /* ViewController.swift in Sources */,
				18E016B81DE2D5080093C16E /* Config.swift in Sources */,
				18C78F0F1DDF00A300DD49AE /* ButtonImage.swift in Sources */,
				189DA8071DDDB489009093D0 /* AppDelegate.swift in Sources */,
			);
			runOnlyForDeploymentPostprocessing = 0;
		};
		189DA8131DDDB48A009093D0 /* Sources */ = {
			isa = PBXSourcesBuildPhase;
			buildActionMask = 2147483647;
			files = (
				189DA81C1DDDB48A009093D0 /* browserTests.swift in Sources */,
			);
			runOnlyForDeploymentPostprocessing = 0;
		};
		189DA81E1DDDB48A009093D0 /* Sources */ = {
			isa = PBXSourcesBuildPhase;
			buildActionMask = 2147483647;
			files = (
				189DA8271DDDB48A009093D0 /* browserUITests.swift in Sources */,
			);
			runOnlyForDeploymentPostprocessing = 0;
		};
/* End PBXSourcesBuildPhase section */

/* Begin PBXTargetDependency section */
		189DA8191DDDB48A009093D0 /* PBXTargetDependency */ = {
			isa = PBXTargetDependency;
			target = 189DA8021DDDB489009093D0 /* browser */;
			targetProxy = 189DA8181DDDB48A009093D0 /* PBXContainerItemProxy */;
		};
		189DA8241DDDB48A009093D0 /* PBXTargetDependency */ = {
			isa = PBXTargetDependency;
			target = 189DA8021DDDB489009093D0 /* browser */;
			targetProxy = 189DA8231DDDB48A009093D0 /* PBXContainerItemProxy */;
		};
/* End PBXTargetDependency section */

/* Begin PBXVariantGroup section */
		189DA80A1DDDB489009093D0 /* Main.storyboard */ = {
			isa = PBXVariantGroup;
			children = (
				189DA80B1DDDB489009093D0 /* Base */,
			);
			name = Main.storyboard;
			sourceTree = "<group>";
		};
		189DA80F1DDDB489009093D0 /* LaunchScreen.storyboard */ = {
			isa = PBXVariantGroup;
			children = (
				189DA8101DDDB489009093D0 /* Base */,
			);
			name = LaunchScreen.storyboard;
			sourceTree = "<group>";
		};
/* End PBXVariantGroup section */

/* Begin XCBuildConfiguration section */
		189DA8291DDDB48A009093D0 /* Debug */ = {
			isa = XCBuildConfiguration;
			buildSettings = {
				ALWAYS_SEARCH_USER_PATHS = NO;
				CLANG_ANALYZER_NONNULL = YES;
				CLANG_CXX_LANGUAGE_STANDARD = "gnu++0x";
				CLANG_CXX_LIBRARY = "libc++";
				CLANG_ENABLE_MODULES = YES;
				CLANG_ENABLE_OBJC_ARC = YES;
				CLANG_WARN_BOOL_CONVERSION = YES;
				CLANG_WARN_CONSTANT_CONVERSION = YES;
				CLANG_WARN_DIRECT_OBJC_ISA_USAGE = YES_ERROR;
				CLANG_WARN_DOCUMENTATION_COMMENTS = YES;
				CLANG_WARN_EMPTY_BODY = YES;
				CLANG_WARN_ENUM_CONVERSION = YES;
				CLANG_WARN_INFINITE_RECURSION = YES;
				CLANG_WARN_INT_CONVERSION = YES;
				CLANG_WARN_OBJC_ROOT_CLASS = YES_ERROR;
				CLANG_WARN_SUSPICIOUS_MOVES = YES;
				CLANG_WARN_UNREACHABLE_CODE = YES;
				CLANG_WARN__DUPLICATE_METHOD_MATCH = YES;
				"CODE_SIGN_IDENTITY[sdk=iphoneos*]" = "iPhone Developer";
				COPY_PHASE_STRIP = NO;
				DEBUG_INFORMATION_FORMAT = dwarf;
				ENABLE_STRICT_OBJC_MSGSEND = YES;
				ENABLE_TESTABILITY = YES;
				GCC_C_LANGUAGE_STANDARD = gnu99;
				GCC_DYNAMIC_NO_PIC = NO;
				GCC_NO_COMMON_BLOCKS = YES;
				GCC_OPTIMIZATION_LEVEL = 0;
				GCC_PREPROCESSOR_DEFINITIONS = (
					"DEBUG=1",
					"$(inherited)",
				);
				GCC_WARN_64_TO_32_BIT_CONVERSION = YES;
				GCC_WARN_ABOUT_RETURN_TYPE = YES_ERROR;
				GCC_WARN_UNDECLARED_SELECTOR = YES;
				GCC_WARN_UNINITIALIZED_AUTOS = YES_AGGRESSIVE;
				GCC_WARN_UNUSED_FUNCTION = YES;
				GCC_WARN_UNUSED_VARIABLE = YES;
				IPHONEOS_DEPLOYMENT_TARGET = 10.1;
				MTL_ENABLE_DEBUG_INFO = YES;
				ONLY_ACTIVE_ARCH = YES;
				SDKROOT = iphoneos;
				SWIFT_ACTIVE_COMPILATION_CONDITIONS = DEBUG;
				SWIFT_OPTIMIZATION_LEVEL = "-Onone";
				TARGETED_DEVICE_FAMILY = "1,2";
			};
			name = Debug;
		};
		189DA82A1DDDB48A009093D0 /* Release */ = {
			isa = XCBuildConfiguration;
			buildSettings = {
				ALWAYS_SEARCH_USER_PATHS = NO;
				CLANG_ANALYZER_NONNULL = YES;
				CLANG_CXX_LANGUAGE_STANDARD = "gnu++0x";
				CLANG_CXX_LIBRARY = "libc++";
				CLANG_ENABLE_MODULES = YES;
				CLANG_ENABLE_OBJC_ARC = YES;
				CLANG_WARN_BOOL_CONVERSION = YES;
				CLANG_WARN_CONSTANT_CONVERSION = YES;
				CLANG_WARN_DIRECT_OBJC_ISA_USAGE = YES_ERROR;
				CLANG_WARN_DOCUMENTATION_COMMENTS = YES;
				CLANG_WARN_EMPTY_BODY = YES;
				CLANG_WARN_ENUM_CONVERSION = YES;
				CLANG_WARN_INFINITE_RECURSION = YES;
				CLANG_WARN_INT_CONVERSION = YES;
				CLANG_WARN_OBJC_ROOT_CLASS = YES_ERROR;
				CLANG_WARN_SUSPICIOUS_MOVES = YES;
				CLANG_WARN_UNREACHABLE_CODE = YES;
				CLANG_WARN__DUPLICATE_METHOD_MATCH = YES;
				"CODE_SIGN_IDENTITY[sdk=iphoneos*]" = "iPhone Developer";
				COPY_PHASE_STRIP = NO;
				DEBUG_INFORMATION_FORMAT = "dwarf-with-dsym";
				ENABLE_NS_ASSERTIONS = NO;
				ENABLE_STRICT_OBJC_MSGSEND = YES;
				GCC_C_LANGUAGE_STANDARD = gnu99;
				GCC_NO_COMMON_BLOCKS = YES;
				GCC_WARN_64_TO_32_BIT_CONVERSION = YES;
				GCC_WARN_ABOUT_RETURN_TYPE = YES_ERROR;
				GCC_WARN_UNDECLARED_SELECTOR = YES;
				GCC_WARN_UNINITIALIZED_AUTOS = YES_AGGRESSIVE;
				GCC_WARN_UNUSED_FUNCTION = YES;
				GCC_WARN_UNUSED_VARIABLE = YES;
				IPHONEOS_DEPLOYMENT_TARGET = 10.1;
				MTL_ENABLE_DEBUG_INFO = NO;
				SDKROOT = iphoneos;
				SWIFT_OPTIMIZATION_LEVEL = "-Owholemodule";
				TARGETED_DEVICE_FAMILY = "1,2";
				VALIDATE_PRODUCT = YES;
			};
			name = Release;
		};
		189DA82C1DDDB48A009093D0 /* Debug */ = {
			isa = XCBuildConfiguration;
			buildSettings = {
				ASSETCATALOG_COMPILER_APPICON_NAME = AppIcon;
				INFOPLIST_FILE = browser/Info.plist;
				LD_RUNPATH_SEARCH_PATHS = "$(inherited) @executable_path/Frameworks";
				PRODUCT_BUNDLE_IDENTIFIER = personal.browser;
				PRODUCT_NAME = "$(TARGET_NAME)";
				SWIFT_VERSION = 3.0;
			};
			name = Debug;
		};
		189DA82D1DDDB48A009093D0 /* Release */ = {
			isa = XCBuildConfiguration;
			buildSettings = {
				ASSETCATALOG_COMPILER_APPICON_NAME = AppIcon;
				INFOPLIST_FILE = browser/Info.plist;
				LD_RUNPATH_SEARCH_PATHS = "$(inherited) @executable_path/Frameworks";
				PRODUCT_BUNDLE_IDENTIFIER = personal.browser;
				PRODUCT_NAME = "$(TARGET_NAME)";
				SWIFT_VERSION = 3.0;
			};
			name = Release;
		};
		189DA82F1DDDB48A009093D0 /* Debug */ = {
			isa = XCBuildConfiguration;
			buildSettings = {
				ALWAYS_EMBED_SWIFT_STANDARD_LIBRARIES = YES;
				BUNDLE_LOADER = "$(TEST_HOST)";
				INFOPLIST_FILE = browserTests/Info.plist;
				LD_RUNPATH_SEARCH_PATHS = "$(inherited) @executable_path/Frameworks @loader_path/Frameworks";
				PRODUCT_BUNDLE_IDENTIFIER = personal.browserTests;
				PRODUCT_NAME = "$(TARGET_NAME)";
				SWIFT_VERSION = 3.0;
				TEST_HOST = "$(BUILT_PRODUCTS_DIR)/browser.app/browser";
			};
			name = Debug;
		};
		189DA8301DDDB48A009093D0 /* Release */ = {
			isa = XCBuildConfiguration;
			buildSettings = {
				ALWAYS_EMBED_SWIFT_STANDARD_LIBRARIES = YES;
				BUNDLE_LOADER = "$(TEST_HOST)";
				INFOPLIST_FILE = browserTests/Info.plist;
				LD_RUNPATH_SEARCH_PATHS = "$(inherited) @executable_path/Frameworks @loader_path/Frameworks";
				PRODUCT_BUNDLE_IDENTIFIER = personal.browserTests;
				PRODUCT_NAME = "$(TARGET_NAME)";
				SWIFT_VERSION = 3.0;
				TEST_HOST = "$(BUILT_PRODUCTS_DIR)/browser.app/browser";
			};
			name = Release;
		};
		189DA8321DDDB48A009093D0 /* Debug */ = {
			isa = XCBuildConfiguration;
			buildSettings = {
				ALWAYS_EMBED_SWIFT_STANDARD_LIBRARIES = YES;
				INFOPLIST_FILE = browserUITests/Info.plist;
				LD_RUNPATH_SEARCH_PATHS = "$(inherited) @executable_path/Frameworks @loader_path/Frameworks";
				PRODUCT_BUNDLE_IDENTIFIER = personal.browserUITests;
				PRODUCT_NAME = "$(TARGET_NAME)";
				SWIFT_VERSION = 3.0;
				TEST_TARGET_NAME = browser;
			};
			name = Debug;
		};
		189DA8331DDDB48A009093D0 /* Release */ = {
			isa = XCBuildConfiguration;
			buildSettings = {
				ALWAYS_EMBED_SWIFT_STANDARD_LIBRARIES = YES;
				INFOPLIST_FILE = browserUITests/Info.plist;
				LD_RUNPATH_SEARCH_PATHS = "$(inherited) @executable_path/Frameworks @loader_path/Frameworks";
				PRODUCT_BUNDLE_IDENTIFIER = personal.browserUITests;
				PRODUCT_NAME = "$(TARGET_NAME)";
				SWIFT_VERSION = 3.0;
				TEST_TARGET_NAME = browser;
			};
			name = Release;
		};
/* End XCBuildConfiguration section */

/* Begin XCConfigurationList section */
		189DA7FE1DDDB489009093D0 /* Build configuration list for PBXProject "browser" */ = {
			isa = XCConfigurationList;
			buildConfigurations = (
				189DA8291DDDB48A009093D0 /* Debug */,
				189DA82A1DDDB48A009093D0 /* Release */,
			);
			defaultConfigurationIsVisible = 0;
			defaultConfigurationName = Release;
		};
		189DA82B1DDDB48A009093D0 /* Build configuration list for PBXNativeTarget "browser" */ = {
			isa = XCConfigurationList;
			buildConfigurations = (
				189DA82C1DDDB48A009093D0 /* Debug */,
				189DA82D1DDDB48A009093D0 /* Release */,
			);
			defaultConfigurationIsVisible = 0;
			defaultConfigurationName = Release;
		};
		189DA82E1DDDB48A009093D0 /* Build configuration list for PBXNativeTarget "browserTests" */ = {
			isa = XCConfigurationList;
			buildConfigurations = (
				189DA82F1DDDB48A009093D0 /* Debug */,
				189DA8301DDDB48A009093D0 /* Release */,
			);
			defaultConfigurationIsVisible = 0;
			defaultConfigurationName = Release;
		};
		189DA8311DDDB48A009093D0 /* Build configuration list for PBXNativeTarget "browserUITests" */ = {
			isa = XCConfigurationList;
			buildConfigurations = (
				189DA8321DDDB48A009093D0 /* Debug */,
				189DA8331DDDB48A009093D0 /* Release */,
			);
			defaultConfigurationIsVisible = 0;
			defaultConfigurationName = Release;
		};
/* End XCConfigurationList section */
	};
	rootObject = 189DA7FB1DDDB489009093D0 /* Project object */;
}
